// !$*UTF8*$!
{
	archiveVersion = 1;
	classes = {
	};
	objectVersion = 46;
	objects = {

/* Begin PBXBuildFile section */
		212B99881F93246700794EF9 /* NowPlayingCard.swift in Sources */ = {isa = PBXBuildFile; fileRef = 212B99861F93246700794EF9 /* NowPlayingCard.swift */; };
		212B99891F93246700794EF9 /* NowPlayingCard.xib in Resources */ = {isa = PBXBuildFile; fileRef = 212B99871F93246700794EF9 /* NowPlayingCard.xib */; };
		212D16C81F7FE815003E3B42 /* Album.swift in Sources */ = {isa = PBXBuildFile; fileRef = 212D16C71F7FE815003E3B42 /* Album.swift */; };
		215F78101F99892D00CD2FA8 /* UpNextTableViewCell.xib in Resources */ = {isa = PBXBuildFile; fileRef = 215F780F1F99892D00CD2FA8 /* UpNextTableViewCell.xib */; };
		215F78121F998A6300CD2FA8 /* UpNextTableViewCell.swift in Sources */ = {isa = PBXBuildFile; fileRef = 215F78111F998A6300CD2FA8 /* UpNextTableViewCell.swift */; };
		217081AC1F6E7EDA00DBE94C /* UpNextViewController.swift in Sources */ = {isa = PBXBuildFile; fileRef = 217081AB1F6E7EDA00DBE94C /* UpNextViewController.swift */; };
		217081AE1F6E890800DBE94C /* UpNextDelegate.swift in Sources */ = {isa = PBXBuildFile; fileRef = 217081AD1F6E890800DBE94C /* UpNextDelegate.swift */; };
		21928AC91F431443003140B7 /* AppDelegate.swift in Sources */ = {isa = PBXBuildFile; fileRef = 21928AC81F431443003140B7 /* AppDelegate.swift */; };
		21928ACB1F431443003140B7 /* ViewController.swift in Sources */ = {isa = PBXBuildFile; fileRef = 21928ACA1F431443003140B7 /* ViewController.swift */; };
		21928ACE1F431443003140B7 /* Main.storyboard in Resources */ = {isa = PBXBuildFile; fileRef = 21928ACC1F431443003140B7 /* Main.storyboard */; };
		21928AD01F431443003140B7 /* Assets.xcassets in Resources */ = {isa = PBXBuildFile; fileRef = 21928ACF1F431443003140B7 /* Assets.xcassets */; };
		21928AD31F431443003140B7 /* LaunchScreen.storyboard in Resources */ = {isa = PBXBuildFile; fileRef = 21928AD11F431443003140B7 /* LaunchScreen.storyboard */; };
		21978DD61F6ABD5A009AD62C /* YLColor.swift in Sources */ = {isa = PBXBuildFile; fileRef = 21978DD51F6ABD5A009AD62C /* YLColor.swift */; };
		21ACADE21FE9FC0E00089311 /* String + Strip.swift in Sources */ = {isa = PBXBuildFile; fileRef = 21ACADE11FE9FC0E00089311 /* String + Strip.swift */; };
		21C244DE1F95988B0006CC18 /* NowPlayingDelegate.swift in Sources */ = {isa = PBXBuildFile; fileRef = 21C244DD1F95988B0006CC18 /* NowPlayingDelegate.swift */; };
		21C48A771F550601004F888B /* StoreManager.swift in Sources */ = {isa = PBXBuildFile; fileRef = 21C48A761F550601004F888B /* StoreManager.swift */; };
		21C48A791F5598DC004F888B /* TopperTextField.swift in Sources */ = {isa = PBXBuildFile; fileRef = 21C48A781F5598DC004F888B /* TopperTextField.swift */; };
		21D3A5691F6E5E210078A7D2 /* SearchManager.swift in Sources */ = {isa = PBXBuildFile; fileRef = 21D3A5681F6E5E210078A7D2 /* SearchManager.swift */; };
		21F52AA31F579D8600C736EE /* Song.swift in Sources */ = {isa = PBXBuildFile; fileRef = 21F52AA21F579D8600C736EE /* Song.swift */; };
		21F52AA51F57A2E700C736EE /* PlayerViewController.swift in Sources */ = {isa = PBXBuildFile; fileRef = 21F52AA41F57A2E700C736EE /* PlayerViewController.swift */; };
/* End PBXBuildFile section */

/* Begin PBXFileReference section */
		212B99861F93246700794EF9 /* NowPlayingCard.swift */ = {isa = PBXFileReference; lastKnownFileType = sourcecode.swift; path = NowPlayingCard.swift; sourceTree = "<group>"; };
		212B99871F93246700794EF9 /* NowPlayingCard.xib */ = {isa = PBXFileReference; lastKnownFileType = file.xib; path = NowPlayingCard.xib; sourceTree = "<group>"; };
		212D16C71F7FE815003E3B42 /* Album.swift */ = {isa = PBXFileReference; lastKnownFileType = sourcecode.swift; path = Album.swift; sourceTree = "<group>"; };
		215F780F1F99892D00CD2FA8 /* UpNextTableViewCell.xib */ = {isa = PBXFileReference; lastKnownFileType = file.xib; path = UpNextTableViewCell.xib; sourceTree = "<group>"; };
		215F78111F998A6300CD2FA8 /* UpNextTableViewCell.swift */ = {isa = PBXFileReference; lastKnownFileType = sourcecode.swift; path = UpNextTableViewCell.swift; sourceTree = "<group>"; };
		217081AB1F6E7EDA00DBE94C /* UpNextViewController.swift */ = {isa = PBXFileReference; lastKnownFileType = sourcecode.swift; path = UpNextViewController.swift; sourceTree = "<group>"; };
		217081AD1F6E890800DBE94C /* UpNextDelegate.swift */ = {isa = PBXFileReference; lastKnownFileType = sourcecode.swift; path = UpNextDelegate.swift; sourceTree = "<group>"; };
		21928AC51F431443003140B7 /* Topper.app */ = {isa = PBXFileReference; explicitFileType = wrapper.application; includeInIndex = 0; path = Topper.app; sourceTree = BUILT_PRODUCTS_DIR; };
		21928AC81F431443003140B7 /* AppDelegate.swift */ = {isa = PBXFileReference; lastKnownFileType = sourcecode.swift; path = AppDelegate.swift; sourceTree = "<group>"; };
		21928ACA1F431443003140B7 /* ViewController.swift */ = {isa = PBXFileReference; lastKnownFileType = sourcecode.swift; path = ViewController.swift; sourceTree = "<group>"; };
		21928ACD1F431443003140B7 /* Base */ = {isa = PBXFileReference; lastKnownFileType = file.storyboard; name = Base; path = Base.lproj/Main.storyboard; sourceTree = "<group>"; };
		21928ACF1F431443003140B7 /* Assets.xcassets */ = {isa = PBXFileReference; lastKnownFileType = folder.assetcatalog; path = Assets.xcassets; sourceTree = "<group>"; };
		21928AD21F431443003140B7 /* Base */ = {isa = PBXFileReference; lastKnownFileType = file.storyboard; name = Base; path = Base.lproj/LaunchScreen.storyboard; sourceTree = "<group>"; };
		21928AD41F431443003140B7 /* Info.plist */ = {isa = PBXFileReference; lastKnownFileType = text.plist.xml; path = Info.plist; sourceTree = "<group>"; };
		21978DD51F6ABD5A009AD62C /* YLColor.swift */ = {isa = PBXFileReference; lastKnownFileType = sourcecode.swift; path = YLColor.swift; sourceTree = "<group>"; };
		21ACADE11FE9FC0E00089311 /* String + Strip.swift */ = {isa = PBXFileReference; lastKnownFileType = sourcecode.swift; path = "String + Strip.swift"; sourceTree = "<group>"; };
		21C244DD1F95988B0006CC18 /* NowPlayingDelegate.swift */ = {isa = PBXFileReference; lastKnownFileType = sourcecode.swift; path = NowPlayingDelegate.swift; sourceTree = "<group>"; };
		21C48A761F550601004F888B /* StoreManager.swift */ = {isa = PBXFileReference; lastKnownFileType = sourcecode.swift; path = StoreManager.swift; sourceTree = "<group>"; };
		21C48A781F5598DC004F888B /* TopperTextField.swift */ = {isa = PBXFileReference; lastKnownFileType = sourcecode.swift; path = TopperTextField.swift; sourceTree = "<group>"; };
		21D3A5681F6E5E210078A7D2 /* SearchManager.swift */ = {isa = PBXFileReference; lastKnownFileType = sourcecode.swift; path = SearchManager.swift; sourceTree = "<group>"; };
		21F52AA21F579D8600C736EE /* Song.swift */ = {isa = PBXFileReference; lastKnownFileType = sourcecode.swift; path = Song.swift; sourceTree = "<group>"; };
		21F52AA41F57A2E700C736EE /* PlayerViewController.swift */ = {isa = PBXFileReference; lastKnownFileType = sourcecode.swift; path = PlayerViewController.swift; sourceTree = "<group>"; };
/* End PBXFileReference section */

/* Begin PBXFrameworksBuildPhase section */
		21928AC21F431443003140B7 /* Frameworks */ = {
			isa = PBXFrameworksBuildPhase;
			buildActionMask = 2147483647;
			files = (
			);
			runOnlyForDeploymentPostprocessing = 0;
		};
/* End PBXFrameworksBuildPhase section */

/* Begin PBXGroup section */
		21928ABC1F431443003140B7 = {
			isa = PBXGroup;
			children = (
				21928AC71F431443003140B7 /* Topper */,
				21928AC61F431443003140B7 /* Products */,
			);
			sourceTree = "<group>";
		};
		21928AC61F431443003140B7 /* Products */ = {
			isa = PBXGroup;
			children = (
				21928AC51F431443003140B7 /* Topper.app */,
			);
			name = Products;
			sourceTree = "<group>";
		};
		21928AC71F431443003140B7 /* Topper */ = {
			isa = PBXGroup;
			children = (
				21928AC81F431443003140B7 /* AppDelegate.swift */,
				21928ACA1F431443003140B7 /* ViewController.swift */,
				21ACADE11FE9FC0E00089311 /* String + Strip.swift */,
				21F52AA41F57A2E700C736EE /* PlayerViewController.swift */,
				21928ACC1F431443003140B7 /* Main.storyboard */,
				212B99861F93246700794EF9 /* NowPlayingCard.swift */,
				212B99871F93246700794EF9 /* NowPlayingCard.xib */,
				215F78111F998A6300CD2FA8 /* UpNextTableViewCell.swift */,
				215F780F1F99892D00CD2FA8 /* UpNextTableViewCell.xib */,
				21D3A5681F6E5E210078A7D2 /* SearchManager.swift */,
				212D16C71F7FE815003E3B42 /* Album.swift */,
				21F52AA21F579D8600C736EE /* Song.swift */,
				21C48A781F5598DC004F888B /* TopperTextField.swift */,
				21978DD51F6ABD5A009AD62C /* YLColor.swift */,
				217081AB1F6E7EDA00DBE94C /* UpNextViewController.swift */,
				217081AD1F6E890800DBE94C /* UpNextDelegate.swift */,
				21C244DD1F95988B0006CC18 /* NowPlayingDelegate.swift */,
				21C48A761F550601004F888B /* StoreManager.swift */,
				21928ACF1F431443003140B7 /* Assets.xcassets */,
				21928AD11F431443003140B7 /* LaunchScreen.storyboard */,
				21928AD41F431443003140B7 /* Info.plist */,
			);
			path = Topper;
			sourceTree = "<group>";
		};
/* End PBXGroup section */

/* Begin PBXNativeTarget section */
		21928AC41F431443003140B7 /* Topper */ = {
			isa = PBXNativeTarget;
			buildConfigurationList = 21928AD71F431443003140B7 /* Build configuration list for PBXNativeTarget "Topper" */;
			buildPhases = (
				21928AC11F431443003140B7 /* Sources */,
				21928AC21F431443003140B7 /* Frameworks */,
				21928AC31F431443003140B7 /* Resources */,
			);
			buildRules = (
			);
			dependencies = (
			);
			name = Topper;
			productName = Topper;
			productReference = 21928AC51F431443003140B7 /* Topper.app */;
			productType = "com.apple.product-type.application";
		};
/* End PBXNativeTarget section */

/* Begin PBXProject section */
		21928ABD1F431443003140B7 /* Project object */ = {
			isa = PBXProject;
			attributes = {
				LastSwiftUpdateCheck = 0830;
				LastUpgradeCheck = 0830;
				ORGANIZATIONNAME = "Kim Rypstra";
				TargetAttributes = {
					21928AC41F431443003140B7 = {
						CreatedOnToolsVersion = 8.3.3;
						DevelopmentTeam = YBCCTWH2WW;
						ProvisioningStyle = Automatic;
						SystemCapabilities = {
							com.apple.BackgroundModes = {
								enabled = 1;
							};
						};
					};
				};
			};
			buildConfigurationList = 21928AC01F431443003140B7 /* Build configuration list for PBXProject "Topper" */;
			compatibilityVersion = "Xcode 3.2";
			developmentRegion = English;
			hasScannedForEncodings = 0;
			knownRegions = (
				en,
				Base,
			);
			mainGroup = 21928ABC1F431443003140B7;
			productRefGroup = 21928AC61F431443003140B7 /* Products */;
			projectDirPath = "";
			projectRoot = "";
			targets = (
				21928AC41F431443003140B7 /* Topper */,
			);
		};
/* End PBXProject section */

/* Begin PBXResourcesBuildPhase section */
		21928AC31F431443003140B7 /* Resources */ = {
			isa = PBXResourcesBuildPhase;
			buildActionMask = 2147483647;
			files = (
				21928AD31F431443003140B7 /* LaunchScreen.storyboard in Resources */,
				215F78101F99892D00CD2FA8 /* UpNextTableViewCell.xib in Resources */,
				212B99891F93246700794EF9 /* NowPlayingCard.xib in Resources */,
				21928AD01F431443003140B7 /* Assets.xcassets in Resources */,
				21928ACE1F431443003140B7 /* Main.storyboard in Resources */,
			);
			runOnlyForDeploymentPostprocessing = 0;
		};
/* End PBXResourcesBuildPhase section */

/* Begin PBXSourcesBuildPhase section */
		21928AC11F431443003140B7 /* Sources */ = {
			isa = PBXSourcesBuildPhase;
			buildActionMask = 2147483647;
			files = (
				21C48A771F550601004F888B /* StoreManager.swift in Sources */,
				21C244DE1F95988B0006CC18 /* NowPlayingDelegate.swift in Sources */,
				21ACADE21FE9FC0E00089311 /* String + Strip.swift in Sources */,
				21928ACB1F431443003140B7 /* ViewController.swift in Sources */,
				21928AC91F431443003140B7 /* AppDelegate.swift in Sources */,
				217081AC1F6E7EDA00DBE94C /* UpNextViewController.swift in Sources */,
				217081AE1F6E890800DBE94C /* UpNextDelegate.swift in Sources */,
				21C48A791F5598DC004F888B /* TopperTextField.swift in Sources */,
				21978DD61F6ABD5A009AD62C /* YLColor.swift in Sources */,
				21F52AA31F579D8600C736EE /* Song.swift in Sources */,
				212D16C81F7FE815003E3B42 /* Album.swift in Sources */,
				212B99881F93246700794EF9 /* NowPlayingCard.swift in Sources */,
				21F52AA51F57A2E700C736EE /* PlayerViewController.swift in Sources */,
				21D3A5691F6E5E210078A7D2 /* SearchManager.swift in Sources */,
				215F78121F998A6300CD2FA8 /* UpNextTableViewCell.swift in Sources */,
			);
			runOnlyForDeploymentPostprocessing = 0;
		};
/* End PBXSourcesBuildPhase section */

/* Begin PBXVariantGroup section */
		21928ACC1F431443003140B7 /* Main.storyboard */ = {
			isa = PBXVariantGroup;
			children = (
				21928ACD1F431443003140B7 /* Base */,
			);
			name = Main.storyboard;
			sourceTree = "<group>";
		};
		21928AD11F431443003140B7 /* LaunchScreen.storyboard */ = {
			isa = PBXVariantGroup;
			children = (
				21928AD21F431443003140B7 /* Base */,
			);
			name = LaunchScreen.storyboard;
			sourceTree = "<group>";
		};
/* End PBXVariantGroup section */

/* Begin XCBuildConfiguration section */
		21928AD51F431443003140B7 /* Debug */ = {
			isa = XCBuildConfiguration;
			buildSettings = {
				ALWAYS_SEARCH_USER_PATHS = NO;
				CLANG_ANALYZER_NONNULL = YES;
				CLANG_ANALYZER_NUMBER_OBJECT_CONVERSION = YES_AGGRESSIVE;
				CLANG_CXX_LANGUAGE_STANDARD = "gnu++0x";
				CLANG_CXX_LIBRARY = "libc++";
				CLANG_ENABLE_MODULES = YES;
				CLANG_ENABLE_OBJC_ARC = YES;
				CLANG_WARN_BOOL_CONVERSION = YES;
				CLANG_WARN_CONSTANT_CONVERSION = YES;
				CLANG_WARN_DIRECT_OBJC_ISA_USAGE = YES_ERROR;
				CLANG_WARN_DOCUMENTATION_COMMENTS = YES;
				CLANG_WARN_EMPTY_BODY = YES;
				CLANG_WARN_ENUM_CONVERSION = YES;
				CLANG_WARN_INFINITE_RECURSION = YES;
				CLANG_WARN_INT_CONVERSION = YES;
				CLANG_WARN_OBJC_ROOT_CLASS = YES_ERROR;
				CLANG_WARN_SUSPICIOUS_MOVE = YES;
				CLANG_WARN_UNREACHABLE_CODE = YES;
				CLANG_WARN__DUPLICATE_METHOD_MATCH = YES;
				"CODE_SIGN_IDENTITY[sdk=iphoneos*]" = "iPhone Developer";
				COPY_PHASE_STRIP = NO;
				DEBUG_INFORMATION_FORMAT = dwarf;
				ENABLE_STRICT_OBJC_MSGSEND = YES;
				ENABLE_TESTABILITY = YES;
				GCC_C_LANGUAGE_STANDARD = gnu99;
				GCC_DYNAMIC_NO_PIC = NO;
				GCC_NO_COMMON_BLOCKS = YES;
				GCC_OPTIMIZATION_LEVEL = 0;
				GCC_PREPROCESSOR_DEFINITIONS = (
					"DEBUG=1",
					"$(inherited)",
				);
				GCC_WARN_64_TO_32_BIT_CONVERSION = YES;
				GCC_WARN_ABOUT_RETURN_TYPE = YES_ERROR;
				GCC_WARN_UNDECLARED_SELECTOR = YES;
				GCC_WARN_UNINITIALIZED_AUTOS = YES_AGGRESSIVE;
				GCC_WARN_UNUSED_FUNCTION = YES;
				GCC_WARN_UNUSED_VARIABLE = YES;
				IPHONEOS_DEPLOYMENT_TARGET = 10.3;
				MTL_ENABLE_DEBUG_INFO = YES;
				ONLY_ACTIVE_ARCH = YES;
				SDKROOT = iphoneos;
				SWIFT_ACTIVE_COMPILATION_CONDITIONS = DEBUG;
				SWIFT_OPTIMIZATION_LEVEL = "-Onone";
			};
			name = Debug;
		};
		21928AD61F431443003140B7 /* Release */ = {
			isa = XCBuildConfiguration;
			buildSettings = {
				ALWAYS_SEARCH_USER_PATHS = NO;
				CLANG_ANALYZER_NONNULL = YES;
				CLANG_ANALYZER_NUMBER_OBJECT_CONVERSION = YES_AGGRESSIVE;
				CLANG_CXX_LANGUAGE_STANDARD = "gnu++0x";
				CLANG_CXX_LIBRARY = "libc++";
				CLANG_ENABLE_MODULES = YES;
				CLANG_ENABLE_OBJC_ARC = YES;
				CLANG_WARN_BOOL_CONVERSION = YES;
				CLANG_WARN_CONSTANT_CONVERSION = YES;
				CLANG_WARN_DIRECT_OBJC_ISA_USAGE = YES_ERROR;
				CLANG_WARN_DOCUMENTATION_COMMENTS = YES;
				CLANG_WARN_EMPTY_BODY = YES;
				CLANG_WARN_ENUM_CONVERSION = YES;
				CLANG_WARN_INFINITE_RECURSION = YES;
				CLANG_WARN_INT_CONVERSION = YES;
				CLANG_WARN_OBJC_ROOT_CLASS = YES_ERROR;
				CLANG_WARN_SUSPICIOUS_MOVE = YES;
				CLANG_WARN_UNREACHABLE_CODE = YES;
				CLANG_WARN__DUPLICATE_METHOD_MATCH = YES;
				"CODE_SIGN_IDENTITY[sdk=iphoneos*]" = "iPhone Developer";
				COPY_PHASE_STRIP = NO;
				DEBUG_INFORMATION_FORMAT = "dwarf-with-dsym";
				ENABLE_NS_ASSERTIONS = NO;
				ENABLE_STRICT_OBJC_MSGSEND = YES;
				GCC_C_LANGUAGE_STANDARD = gnu99;
				GCC_NO_COMMON_BLOCKS = YES;
				GCC_WARN_64_TO_32_BIT_CONVERSION = YES;
				GCC_WARN_ABOUT_RETURN_TYPE = YES_ERROR;
				GCC_WARN_UNDECLARED_SELECTOR = YES;
				GCC_WARN_UNINITIALIZED_AUTOS = YES_AGGRESSIVE;
				GCC_WARN_UNUSED_FUNCTION = YES;
				GCC_WARN_UNUSED_VARIABLE = YES;
				IPHONEOS_DEPLOYMENT_TARGET = 10.3;
				MTL_ENABLE_DEBUG_INFO = NO;
				SDKROOT = iphoneos;
				SWIFT_OPTIMIZATION_LEVEL = "-Owholemodule";
				VALIDATE_PRODUCT = YES;
			};
			name = Release;
		};
		21928AD81F431443003140B7 /* Debug */ = {
			isa = XCBuildConfiguration;
			buildSettings = {
				ALWAYS_EMBED_SWIFT_STANDARD_LIBRARIES = YES;
				ASSETCATALOG_COMPILER_APPICON_NAME = AppIcon;
				"CODE_SIGN_IDENTITY[sdk=iphoneos*]" = "iPhone Developer";
				CODE_SIGN_STYLE = Automatic;
				DEVELOPMENT_TEAM = YBCCTWH2WW;
				INFOPLIST_FILE = Topper/Info.plist;
				LD_RUNPATH_SEARCH_PATHS = "$(inherited) @executable_path/Frameworks";
				PRODUCT_BUNDLE_IDENTIFIER = com.kimrypstra.topper;
				PRODUCT_NAME = "$(TARGET_NAME)";
				PROVISIONING_PROFILE_SPECIFIER = "";
				SWIFT_VERSION = 3.0;
				TARGETED_DEVICE_FAMILY = 1;
			};
			name = Debug;
		};
		21928AD91F431443003140B7 /* Release */ = {
			isa = XCBuildConfiguration;
			buildSettings = {
				ALWAYS_EMBED_SWIFT_STANDARD_LIBRARIES = YES;
				ASSETCATALOG_COMPILER_APPICON_NAME = AppIcon;
				"CODE_SIGN_IDENTITY[sdk=iphoneos*]" = "iPhone Developer";
				CODE_SIGN_STYLE = Automatic;
				DEVELOPMENT_TEAM = YBCCTWH2WW;
				INFOPLIST_FILE = Topper/Info.plist;
				LD_RUNPATH_SEARCH_PATHS = "$(inherited) @executable_path/Frameworks";
				PRODUCT_BUNDLE_IDENTIFIER = com.kimrypstra.topper;
				PRODUCT_NAME = "$(TARGET_NAME)";
				PROVISIONING_PROFILE_SPECIFIER = "";
				SWIFT_VERSION = 3.0;
				TARGETED_DEVICE_FAMILY = 1;
			};
			name = Release;
		};
/* End XCBuildConfiguration section */

/* Begin XCConfigurationList section */
		21928AC01F431443003140B7 /* Build configuration list for PBXProject "Topper" */ = {
			isa = XCConfigurationList;
			buildConfigurations = (
				21928AD51F431443003140B7 /* Debug */,
				21928AD61F431443003140B7 /* Release */,
			);
			defaultConfigurationIsVisible = 0;
			defaultConfigurationName = Release;
		};
		21928AD71F431443003140B7 /* Build configuration list for PBXNativeTarget "Topper" */ = {
			isa = XCConfigurationList;
			buildConfigurations = (
				21928AD81F431443003140B7 /* Debug */,
				21928AD91F431443003140B7 /* Release */,
			);
			defaultConfigurationIsVisible = 0;
			defaultConfigurationName = Release;
		};
/* End XCConfigurationList section */
	};
	rootObject = 21928ABD1F431443003140B7 /* Project object */;
}
